
Microsoft Visual Studio Solution File, Format Version 12.00
# Visual Studio 15
VisualStudioVersion = 15.0.27703.2026
MinimumVisualStudioVersion = 10.0.40219.1
Project("{FAE04EC0-301F-11D3-BF4B-00C04F79EFBC}") = "KcellSolutions", "KcellSolutions\KcellSolutions.csproj", "{0BFCCCC2-FBDF-4449-93FF-9E5CD7AED944}"
EndProject
Global
	GlobalSection(SolutionConfigurationPlatforms) = preSolution
		Debug|Any CPU = Debug|Any CPU
		Release|Any CPU = Release|Any CPU
	EndGlobalSection
	GlobalSection(ProjectConfigurationPlatforms) = postSolution
		{0BFCCCC2-FBDF-4449-93FF-9E5CD7AED944}.Debug|Any CPU.ActiveCfg = Debug|Any CPU
		{0BFCCCC2-FBDF-4449-93FF-9E5CD7AED944}.Debug|Any CPU.Build.0 = Debug|Any CPU
		{0BFCCCC2-FBDF-4449-93FF-9E5CD7AED944}.Release|Any CPU.ActiveCfg = Release|Any CPU
		{0BFCCCC2-FBDF-4449-93FF-9E5CD7AED944}.Release|Any CPU.Build.0 = Release|Any CPU
	EndGlobalSection
	GlobalSection(SolutionProperties) = preSolution
		HideSolutionNode = FALSE
	EndGlobalSection
	GlobalSection(ExtensibilityGlobals) = postSolution
		SolutionGuid = {2E0A032F-1C99-4FF5-8C04-58BCCF071B9C}
	EndGlobalSection
EndGlobal
